
Microsoft Visual Studio Solution File, Format Version 12.00
# Visual Studio Version 17
VisualStudioVersion = 17.6.33829.357
MinimumVisualStudioVersion = 10.0.40219.1
Project("{9A19103F-16F7-4668-BE54-9A1E7A4F7556}") = "StalkerFontRenderer", "StalkerFontRenderer\StalkerFontRenderer.csproj", "{941C8630-3FB4-4D50-98BA-CADDD0080D3F}"
EndProject
Project("{9A19103F-16F7-4668-BE54-9A1E7A4F7556}") = "StalkerFontRendererLibrary", "StalkerFontRendererLibrary\StalkerFontRendererLibrary.csproj", "{E591E4B5-39E3-46D6-957C-3CFCE6744136}"
EndProject
Global
	GlobalSection(SolutionConfigurationPlatforms) = preSolution
		Debug|Any CPU = Debug|Any CPU
		Release|Any CPU = Release|Any CPU
	EndGlobalSection
	GlobalSection(ProjectConfigurationPlatforms) = postSolution
		{941C8630-3FB4-4D50-98BA-CADDD0080D3F}.Debug|Any CPU.ActiveCfg = Debug|Any CPU
		{941C8630-3FB4-4D50-98BA-CADDD0080D3F}.Debug|Any CPU.Build.0 = Debug|Any CPU
		{941C8630-3FB4-4D50-98BA-CADDD0080D3F}.Release|Any CPU.ActiveCfg = Release|Any CPU
		{941C8630-3FB4-4D50-98BA-CADDD0080D3F}.Release|Any CPU.Build.0 = Release|Any CPU
		{E591E4B5-39E3-46D6-957C-3CFCE6744136}.Debug|Any CPU.ActiveCfg = Debug|Any CPU
		{E591E4B5-39E3-46D6-957C-3CFCE6744136}.Debug|Any CPU.Build.0 = Debug|Any CPU
		{E591E4B5-39E3-46D6-957C-3CFCE6744136}.Release|Any CPU.ActiveCfg = Release|Any CPU
		{E591E4B5-39E3-46D6-957C-3CFCE6744136}.Release|Any CPU.Build.0 = Release|Any CPU
	EndGlobalSection
	GlobalSection(SolutionProperties) = preSolution
		HideSolutionNode = FALSE
	EndGlobalSection
	GlobalSection(ExtensibilityGlobals) = postSolution
		SolutionGuid = {A4F4F4B2-62F0-41B2-804B-BFC2F7A5270A}
	EndGlobalSection
EndGlobal
